
Microsoft Visual Studio Solution File, Format Version 12.00
# Visual Studio 14
VisualStudioVersion = 14.0.25420.1
MinimumVisualStudioVersion = 10.0.40219.1
Project("{8BC9CEB8-8B4A-11D0-8D11-00A0C91BC942}") = "InitDirect3D", "InitDirect3D\InitDirect3D.vcxproj", "{D46675B2-8E45-4BA3-9D3F-DA58F3605461}"
EndProject
Project("{8BC9CEB8-8B4A-11D0-8D11-00A0C91BC942}") = "DrawBox", "DrawBox\DrawBox.vcxproj", "{479F3A07-278A-4321-B3E9-3C1BCB41B3DF}"
EndProject
Project("{8BC9CEB8-8B4A-11D0-8D11-00A0C91BC942}") = "Lighting", "Lighting\Lighting.vcxproj", "{74238855-8342-4462-B3CD-712D0F952A04}"
EndProject
Project("{8BC9CEB8-8B4A-11D0-8D11-00A0C91BC942}") = "Texture", "Texture\Texture.vcxproj", "{92B20C91-70DF-41FA-9037-2341564B86C2}"
EndProject
Project("{8BC9CEB8-8B4A-11D0-8D11-00A0C91BC942}") = "BlendDemo", "Blend\BlendDemo.vcxproj", "{CB4D2ED3-79D7-4179-843A-B7A4038D42EB}"
EndProject
Project("{8BC9CEB8-8B4A-11D0-8D11-00A0C91BC942}") = "StencilDemo", "Stencil\StencilDemo.vcxproj", "{89186276-D354-4033-8AA8-93B1659E2025}"
EndProject
Project("{8BC9CEB8-8B4A-11D0-8D11-00A0C91BC942}") = "TreeBillboard", "TreeBillboard\TreeBillboard.vcxproj", "{06475631-CB7A-44B4-A7A4-A267B89F22DF}"
EndProject
Project("{8BC9CEB8-8B4A-11D0-8D11-00A0C91BC942}") = "CS_Blur", "CS_Blur\CS_Blur.vcxproj", "{A12D7BEB-D15D-4F4C-AE81-776A41F826F6}"
EndProject
Project("{8BC9CEB8-8B4A-11D0-8D11-00A0C91BC942}") = "BasicTesselation", "BasicTesselation\BasicTesselation.vcxproj", "{0996417F-D4B5-4AAC-9CC2-2DD30DADFB14}"
EndProject
Project("{8BC9CEB8-8B4A-11D0-8D11-00A0C91BC942}") = "BezierPatch", "BezierTesselation\BezierTesselation.vcxproj", "{87904A9D-CB04-47DF-B0E8-8AE2E7194575}"
EndProject
Project("{8BC9CEB8-8B4A-11D0-8D11-00A0C91BC942}") = "Shadows", "Shadows\Shadows.vcxproj", "{BFF9B7E2-B857-4BE8-8FB2-2CFBD56B671D}"
EndProject
Global
	GlobalSection(SolutionConfigurationPlatforms) = preSolution
		Debug|x64 = Debug|x64
		Debug|x86 = Debug|x86
		Release|x64 = Release|x64
		Release|x86 = Release|x86
	EndGlobalSection
	GlobalSection(ProjectConfigurationPlatforms) = postSolution
		{D46675B2-8E45-4BA3-9D3F-DA58F3605461}.Debug|x64.ActiveCfg = Debug|x64
		{D46675B2-8E45-4BA3-9D3F-DA58F3605461}.Debug|x64.Build.0 = Debug|x64
		{D46675B2-8E45-4BA3-9D3F-DA58F3605461}.Debug|x86.ActiveCfg = Debug|Win32
		{D46675B2-8E45-4BA3-9D3F-DA58F3605461}.Debug|x86.Build.0 = Debug|Win32
		{D46675B2-8E45-4BA3-9D3F-DA58F3605461}.Release|x64.ActiveCfg = Release|x64
		{D46675B2-8E45-4BA3-9D3F-DA58F3605461}.Release|x64.Build.0 = Release|x64
		{D46675B2-8E45-4BA3-9D3F-DA58F3605461}.Release|x86.ActiveCfg = Release|Win32
		{D46675B2-8E45-4BA3-9D3F-DA58F3605461}.Release|x86.Build.0 = Release|Win32
		{479F3A07-278A-4321-B3E9-3C1BCB41B3DF}.Debug|x64.ActiveCfg = Debug|x64
		{479F3A07-278A-4321-B3E9-3C1BCB41B3DF}.Debug|x64.Build.0 = Debug|x64
		{479F3A07-278A-4321-B3E9-3C1BCB41B3DF}.Debug|x86.ActiveCfg = Debug|Win32
		{479F3A07-278A-4321-B3E9-3C1BCB41B3DF}.Debug|x86.Build.0 = Debug|Win32
		{479F3A07-278A-4321-B3E9-3C1BCB41B3DF}.Release|x64.ActiveCfg = Release|x64
		{479F3A07-278A-4321-B3E9-3C1BCB41B3DF}.Release|x64.Build.0 = Release|x64
		{479F3A07-278A-4321-B3E9-3C1BCB41B3DF}.Release|x86.ActiveCfg = Release|Win32
		{479F3A07-278A-4321-B3E9-3C1BCB41B3DF}.Release|x86.Build.0 = Release|Win32
		{74238855-8342-4462-B3CD-712D0F952A04}.Debug|x64.ActiveCfg = Debug|x64
		{74238855-8342-4462-B3CD-712D0F952A04}.Debug|x64.Build.0 = Debug|x64
		{74238855-8342-4462-B3CD-712D0F952A04}.Debug|x86.ActiveCfg = Debug|Win32
		{74238855-8342-4462-B3CD-712D0F952A04}.Debug|x86.Build.0 = Debug|Win32
		{74238855-8342-4462-B3CD-712D0F952A04}.Release|x64.ActiveCfg = Release|x64
		{74238855-8342-4462-B3CD-712D0F952A04}.Release|x64.Build.0 = Release|x64
		{74238855-8342-4462-B3CD-712D0F952A04}.Release|x86.ActiveCfg = Release|Win32
		{74238855-8342-4462-B3CD-712D0F952A04}.Release|x86.Build.0 = Release|Win32
		{92B20C91-70DF-41FA-9037-2341564B86C2}.Debug|x64.ActiveCfg = Debug|x64
		{92B20C91-70DF-41FA-9037-2341564B86C2}.Debug|x64.Build.0 = Debug|x64
		{92B20C91-70DF-41FA-9037-2341564B86C2}.Debug|x86.ActiveCfg = Debug|Win32
		{92B20C91-70DF-41FA-9037-2341564B86C2}.Debug|x86.Build.0 = Debug|Win32
		{92B20C91-70DF-41FA-9037-2341564B86C2}.Release|x64.ActiveCfg = Release|x64
		{92B20C91-70DF-41FA-9037-2341564B86C2}.Release|x64.Build.0 = Release|x64
		{92B20C91-70DF-41FA-9037-2341564B86C2}.Release|x86.ActiveCfg = Release|Win32
		{92B20C91-70DF-41FA-9037-2341564B86C2}.Release|x86.Build.0 = Release|Win32
		{CB4D2ED3-79D7-4179-843A-B7A4038D42EB}.Debug|x64.ActiveCfg = Debug|x64
		{CB4D2ED3-79D7-4179-843A-B7A4038D42EB}.Debug|x64.Build.0 = Debug|x64
		{CB4D2ED3-79D7-4179-843A-B7A4038D42EB}.Debug|x86.ActiveCfg = Debug|Win32
		{CB4D2ED3-79D7-4179-843A-B7A4038D42EB}.Debug|x86.Build.0 = Debug|Win32
		{CB4D2ED3-79D7-4179-843A-B7A4038D42EB}.Release|x64.ActiveCfg = Release|x64
		{CB4D2ED3-79D7-4179-843A-B7A4038D42EB}.Release|x64.Build.0 = Release|x64
		{CB4D2ED3-79D7-4179-843A-B7A4038D42EB}.Release|x86.ActiveCfg = Release|Win32
		{CB4D2ED3-79D7-4179-843A-B7A4038D42EB}.Release|x86.Build.0 = Release|Win32
		{89186276-D354-4033-8AA8-93B1659E2025}.Debug|x64.ActiveCfg = Debug|x64
		{89186276-D354-4033-8AA8-93B1659E2025}.Debug|x64.Build.0 = Debug|x64
		{89186276-D354-4033-8AA8-93B1659E2025}.Debug|x86.ActiveCfg = Debug|Win32
		{89186276-D354-4033-8AA8-93B1659E2025}.Debug|x86.Build.0 = Debug|Win32
		{89186276-D354-4033-8AA8-93B1659E2025}.Release|x64.ActiveCfg = Release|x64
		{89186276-D354-4033-8AA8-93B1659E2025}.Release|x64.Build.0 = Release|x64
		{89186276-D354-4033-8AA8-93B1659E2025}.Release|x86.ActiveCfg = Release|Win32
		{89186276-D354-4033-8AA8-93B1659E2025}.Release|x86.Build.0 = Release|Win32
		{06475631-CB7A-44B4-A7A4-A267B89F22DF}.Debug|x64.ActiveCfg = Debug|x64
		{06475631-CB7A-44B4-A7A4-A267B89F22DF}.Debug|x64.Build.0 = Debug|x64
		{06475631-CB7A-44B4-A7A4-A267B89F22DF}.Debug|x86.ActiveCfg = Debug|Win32
		{06475631-CB7A-44B4-A7A4-A267B89F22DF}.Debug|x86.Build.0 = Debug|Win32
		{06475631-CB7A-44B4-A7A4-A267B89F22DF}.Release|x64.ActiveCfg = Release|x64
		{06475631-CB7A-44B4-A7A4-A267B89F22DF}.Release|x64.Build.0 = Release|x64
		{06475631-CB7A-44B4-A7A4-A267B89F22DF}.Release|x86.ActiveCfg = Release|Win32
		{06475631-CB7A-44B4-A7A4-A267B89F22DF}.Release|x86.Build.0 = Release|Win32
		{A12D7BEB-D15D-4F4C-AE81-776A41F826F6}.Debug|x64.ActiveCfg = Debug|x64
		{A12D7BEB-D15D-4F4C-AE81-776A41F826F6}.Debug|x64.Build.0 = Debug|x64
		{A12D7BEB-D15D-4F4C-AE81-776A41F826F6}.Debug|x86.ActiveCfg = Debug|Win32
		{A12D7BEB-D15D-4F4C-AE81-776A41F826F6}.Debug|x86.Build.0 = Debug|Win32
		{A12D7BEB-D15D-4F4C-AE81-776A41F826F6}.Release|x64.ActiveCfg = Release|x64
		{A12D7BEB-D15D-4F4C-AE81-776A41F826F6}.Release|x64.Build.0 = Release|x64
		{A12D7BEB-D15D-4F4C-AE81-776A41F826F6}.Release|x86.ActiveCfg = Release|Win32
		{A12D7BEB-D15D-4F4C-AE81-776A41F826F6}.Release|x86.Build.0 = Release|Win32
		{0996417F-D4B5-4AAC-9CC2-2DD30DADFB14}.Debug|x64.ActiveCfg = Debug|x64
		{0996417F-D4B5-4AAC-9CC2-2DD30DADFB14}.Debug|x64.Build.0 = Debug|x64
		{0996417F-D4B5-4AAC-9CC2-2DD30DADFB14}.Debug|x86.ActiveCfg = Debug|Win32
		{0996417F-D4B5-4AAC-9CC2-2DD30DADFB14}.Debug|x86.Build.0 = Debug|Win32
		{0996417F-D4B5-4AAC-9CC2-2DD30DADFB14}.Release|x64.ActiveCfg = Release|x64
		{0996417F-D4B5-4AAC-9CC2-2DD30DADFB14}.Release|x64.Build.0 = Release|x64
		{0996417F-D4B5-4AAC-9CC2-2DD30DADFB14}.Release|x86.ActiveCfg = Release|Win32
		{0996417F-D4B5-4AAC-9CC2-2DD30DADFB14}.Release|x86.Build.0 = Release|Win32
		{87904A9D-CB04-47DF-B0E8-8AE2E7194575}.Debug|x64.ActiveCfg = Debug|x64
		{87904A9D-CB04-47DF-B0E8-8AE2E7194575}.Debug|x64.Build.0 = Debug|x64
		{87904A9D-CB04-47DF-B0E8-8AE2E7194575}.Debug|x86.ActiveCfg = Debug|Win32
		{87904A9D-CB04-47DF-B0E8-8AE2E7194575}.Debug|x86.Build.0 = Debug|Win32
		{87904A9D-CB04-47DF-B0E8-8AE2E7194575}.Release|x64.ActiveCfg = Release|x64
		{87904A9D-CB04-47DF-B0E8-8AE2E7194575}.Release|x64.Build.0 = Release|x64
		{87904A9D-CB04-47DF-B0E8-8AE2E7194575}.Release|x86.ActiveCfg = Release|Win32
		{87904A9D-CB04-47DF-B0E8-8AE2E7194575}.Release|x86.Build.0 = Release|Win32
		{BFF9B7E2-B857-4BE8-8FB2-2CFBD56B671D}.Debug|x64.ActiveCfg = Debug|x64
		{BFF9B7E2-B857-4BE8-8FB2-2CFBD56B671D}.Debug|x64.Build.0 = Debug|x64
		{BFF9B7E2-B857-4BE8-8FB2-2CFBD56B671D}.Debug|x86.ActiveCfg = Debug|Win32
		{BFF9B7E2-B857-4BE8-8FB2-2CFBD56B671D}.Debug|x86.Build.0 = Debug|Win32
		{BFF9B7E2-B857-4BE8-8FB2-2CFBD56B671D}.Release|x64.ActiveCfg = Release|x64
		{BFF9B7E2-B857-4BE8-8FB2-2CFBD56B671D}.Release|x64.Build.0 = Release|x64
		{BFF9B7E2-B857-4BE8-8FB2-2CFBD56B671D}.Release|x86.ActiveCfg = Release|Win32
		{BFF9B7E2-B857-4BE8-8FB2-2CFBD56B671D}.Release|x86.Build.0 = Release|Win32
	EndGlobalSection
	GlobalSection(SolutionProperties) = preSolution
		HideSolutionNode = FALSE
	EndGlobalSection
EndGlobal
